
Microsoft Visual Studio Solution File, Format Version 12.00
# Visual Studio Version 17
VisualStudioVersion = 17.11.35222.181
MinimumVisualStudioVersion = 10.0.40219.1
Project("{9A19103F-16F7-4668-BE54-9A1E7A4F7556}") = "Lab_1", "Lab_1\Lab_1.csproj", "{382D7B0C-E16F-4D76-AA3F-B4A3AFE6F4C8}"
EndProject
Project("{9A19103F-16F7-4668-BE54-9A1E7A4F7556}") = "Lab_2", "Lab_2\Lab_2.csproj", "{85E1F9BC-C135-4D6E-887F-DA94BEC67D17}"
EndProject
Project("{FAE04EC0-301F-11D3-BF4B-00C04F79EFBC}") = "Lab_3", "Lab_3\Lab_3.csproj", "{4F07F775-8AFC-403F-997F-E33B93DC729E}"
EndProject
Global
	GlobalSection(SolutionConfigurationPlatforms) = preSolution
		Debug|Any CPU = Debug|Any CPU
		Release|Any CPU = Release|Any CPU
	EndGlobalSection
	GlobalSection(ProjectConfigurationPlatforms) = postSolution
		{382D7B0C-E16F-4D76-AA3F-B4A3AFE6F4C8}.Debug|Any CPU.ActiveCfg = Debug|Any CPU
		{382D7B0C-E16F-4D76-AA3F-B4A3AFE6F4C8}.Debug|Any CPU.Build.0 = Debug|Any CPU
		{382D7B0C-E16F-4D76-AA3F-B4A3AFE6F4C8}.Release|Any CPU.ActiveCfg = Release|Any CPU
		{382D7B0C-E16F-4D76-AA3F-B4A3AFE6F4C8}.Release|Any CPU.Build.0 = Release|Any CPU
		{85E1F9BC-C135-4D6E-887F-DA94BEC67D17}.Debug|Any CPU.ActiveCfg = Debug|Any CPU
		{85E1F9BC-C135-4D6E-887F-DA94BEC67D17}.Debug|Any CPU.Build.0 = Debug|Any CPU
		{85E1F9BC-C135-4D6E-887F-DA94BEC67D17}.Release|Any CPU.ActiveCfg = Release|Any CPU
		{85E1F9BC-C135-4D6E-887F-DA94BEC67D17}.Release|Any CPU.Build.0 = Release|Any CPU
		{4F07F775-8AFC-403F-997F-E33B93DC729E}.Debug|Any CPU.ActiveCfg = Debug|Any CPU
		{4F07F775-8AFC-403F-997F-E33B93DC729E}.Debug|Any CPU.Build.0 = Debug|Any CPU
		{4F07F775-8AFC-403F-997F-E33B93DC729E}.Release|Any CPU.ActiveCfg = Release|Any CPU
		{4F07F775-8AFC-403F-997F-E33B93DC729E}.Release|Any CPU.Build.0 = Release|Any CPU
	EndGlobalSection
	GlobalSection(SolutionProperties) = preSolution
		HideSolutionNode = FALSE
	EndGlobalSection
	GlobalSection(ExtensibilityGlobals) = postSolution
		SolutionGuid = {FA323845-31F5-4DB6-A50F-41F852E98625}
	EndGlobalSection
EndGlobal
